
Microsoft Visual Studio Solution File, Format Version 12.00
# Visual Studio Version 17
VisualStudioVersion = 17.0.31903.59
MinimumVisualStudioVersion = 10.0.40219.1
Project("{2150E333-8FDC-42A3-9474-1A3956D46DE8}") = "src", "src", "{827E0CD3-B72D-47B6-A68D-7590B98EB39B}"
EndProject
Project("{2150E333-8FDC-42A3-9474-1A3956D46DE8}") = "Servers", "Servers", "{CC80CF82-095A-9A70-E4AA-4F39E72E717A}"
EndProject
Project("{2150E333-8FDC-42A3-9474-1A3956D46DE8}") = "Stdio", "Stdio", "{7A56C781-E51F-9699-E068-75074611290C}"
EndProject
Project("{2150E333-8FDC-42A3-9474-1A3956D46DE8}") = "Workstation", "Workstation", "{E2092307-A1C8-B909-4E14-DED2E71C9E44}"
EndProject
Project("{FAE04EC0-301F-11D3-BF4B-00C04F79EFBC}") = "Ancplua.Mcp.Servers.Stdio.Workstation", "src\Servers\Stdio\Workstation\Ancplua.Mcp.Servers.Stdio.Workstation.csproj", "{95521957-B5FF-4E17-9A1F-9E8535BE3748}"
EndProject
Project("{2150E333-8FDC-42A3-9474-1A3956D46DE8}") = "Infrastructure", "Infrastructure", "{9048EB7F-3875-A59E-E36B-5BD4C6F2A282}"
EndProject
Project("{2150E333-8FDC-42A3-9474-1A3956D46DE8}") = "ServiceDefaults", "ServiceDefaults", "{710CE346-2A8F-1AFB-D00F-F4A0117857EE}"
EndProject
Project("{FAE04EC0-301F-11D3-BF4B-00C04F79EFBC}") = "Ancplua.Mcp.Infrastructure.ServiceDefaults", "src\Infrastructure\ServiceDefaults\Ancplua.Mcp.Infrastructure.ServiceDefaults.csproj", "{D0EEDB69-A032-478B-8122-D4EA8A1B5E6D}"
EndProject
Project("{2150E333-8FDC-42A3-9474-1A3956D46DE8}") = "Libraries", "Libraries", "{5E7EC0AF-E837-5B7A-FB41-A4DCCA877D1F}"
EndProject
Project("{2150E333-8FDC-42A3-9474-1A3956D46DE8}") = "DebugTools", "DebugTools", "{70113807-EF76-34C1-2AF9-D40EFD05C3BA}"
EndProject
Project("{FAE04EC0-301F-11D3-BF4B-00C04F79EFBC}") = "Ancplua.Mcp.Libraries.DebugTools", "src\Libraries\DebugTools\Ancplua.Mcp.Libraries.DebugTools.csproj", "{7072F1C4-16F9-4797-B883-D88512F5D789}"
EndProject
Project("{2150E333-8FDC-42A3-9474-1A3956D46DE8}") = "CoreTools", "CoreTools", "{878BF842-00BC-9FAD-951F-B6359FA01BBC}"
EndProject
Project("{FAE04EC0-301F-11D3-BF4B-00C04F79EFBC}") = "Ancplua.Mcp.Libraries.CoreTools", "src\Libraries\CoreTools\Ancplua.Mcp.Libraries.CoreTools.csproj", "{0AB0AAF2-1148-4F1E-B98E-1627C52DCFF1}"
EndProject
Project("{2150E333-8FDC-42A3-9474-1A3956D46DE8}") = "AIServices", "AIServices", "{147B04CE-22FA-B7FE-427E-AB7105A83688}"
EndProject
Project("{FAE04EC0-301F-11D3-BF4B-00C04F79EFBC}") = "Ancplua.Mcp.Servers.Stdio.AIServices", "src\Servers\Stdio\AIServices\Ancplua.Mcp.Servers.Stdio.AIServices.csproj", "{271779B4-A60C-45C3-9150-B004191EA49D}"
EndProject
Project("{2150E333-8FDC-42A3-9474-1A3956D46DE8}") = "GitHubApps", "GitHubApps", "{365A631C-9827-A93A-F70C-08D5E871DBDC}"
EndProject
Project("{FAE04EC0-301F-11D3-BF4B-00C04F79EFBC}") = "Ancplua.Mcp.Servers.Stdio.GitHubApps", "src\Servers\Stdio\GitHubApps\Ancplua.Mcp.Servers.Stdio.GitHubApps.csproj", "{35A7D440-F849-45F8-B670-1FA24110B099}"
EndProject
Project("{2150E333-8FDC-42A3-9474-1A3956D46DE8}") = "RoslynMetrics", "RoslynMetrics", "{45A88DB8-AEDD-8558-3320-5A6B2B34646B}"
EndProject
Project("{FAE04EC0-301F-11D3-BF4B-00C04F79EFBC}") = "Ancplua.Mcp.Servers.Stdio.RoslynMetrics", "src\Servers\Stdio\RoslynMetrics\Ancplua.Mcp.Servers.Stdio.RoslynMetrics.csproj", "{E7A1A645-799E-4973-9B4E-8FE8A920F960}"
EndProject
Project("{2150E333-8FDC-42A3-9474-1A3956D46DE8}") = "Http", "Http", "{F3AC8D45-E043-9634-8655-05002086CDF8}"
EndProject
Project("{2150E333-8FDC-42A3-9474-1A3956D46DE8}") = "Gateway", "Gateway", "{F7C1FBCF-DED8-3D89-8CB6-E67CE3C9436D}"
EndProject
Project("{FAE04EC0-301F-11D3-BF4B-00C04F79EFBC}") = "Ancplua.Mcp.Servers.Http.Gateway", "src\Servers\Http\Gateway\Ancplua.Mcp.Servers.Http.Gateway.csproj", "{0BA342E4-64AD-4708-AE2D-A60B3AFF5B6F}"
EndProject
Project("{2150E333-8FDC-42A3-9474-1A3956D46DE8}") = "tests", "tests", "{0AB3BF05-4346-4AA6-1389-037BE0695223}"
EndProject
Project("{FAE04EC0-301F-11D3-BF4B-00C04F79EFBC}") = "Ancplua.Mcp.CoreTools.Tests", "tests\Ancplua.Mcp.CoreTools.Tests\Ancplua.Mcp.CoreTools.Tests.csproj", "{39537E25-C6CE-4CD9-94B5-C0055458DA72}"
EndProject
Project("{FAE04EC0-301F-11D3-BF4B-00C04F79EFBC}") = "Ancplua.Mcp.HttpServer.Tests", "tests\Ancplua.Mcp.HttpServer.Tests\Ancplua.Mcp.HttpServer.Tests.csproj", "{F59ED4AC-FB29-44C9-8F3C-5721B6CA81D6}"
EndProject
Project("{FAE04EC0-301F-11D3-BF4B-00C04F79EFBC}") = "Ancplua.Mcp.WorkstationServer.Tests", "tests\Ancplua.Mcp.WorkstationServer.Tests\Ancplua.Mcp.WorkstationServer.Tests.csproj", "{9550EB5A-B56D-45A5-AEAF-DC245486F74D}"
EndProject
Project("{FAE04EC0-301F-11D3-BF4B-00C04F79EFBC}") = "Ancplua.Mcp.Testing", "tests\Ancplua.Mcp.Testing\Ancplua.Mcp.Testing.csproj", "{0A397999-F633-4306-91F2-507F0A16D814}"
EndProject
Global
	GlobalSection(SolutionConfigurationPlatforms) = preSolution
		Debug|Any CPU = Debug|Any CPU
		Debug|x64 = Debug|x64
		Debug|x86 = Debug|x86
		Release|Any CPU = Release|Any CPU
		Release|x64 = Release|x64
		Release|x86 = Release|x86
	EndGlobalSection
	GlobalSection(ProjectConfigurationPlatforms) = postSolution
		{95521957-B5FF-4E17-9A1F-9E8535BE3748}.Debug|Any CPU.ActiveCfg = Debug|Any CPU
		{95521957-B5FF-4E17-9A1F-9E8535BE3748}.Debug|Any CPU.Build.0 = Debug|Any CPU
		{95521957-B5FF-4E17-9A1F-9E8535BE3748}.Debug|x64.ActiveCfg = Debug|Any CPU
		{95521957-B5FF-4E17-9A1F-9E8535BE3748}.Debug|x64.Build.0 = Debug|Any CPU
		{95521957-B5FF-4E17-9A1F-9E8535BE3748}.Debug|x86.ActiveCfg = Debug|Any CPU
		{95521957-B5FF-4E17-9A1F-9E8535BE3748}.Debug|x86.Build.0 = Debug|Any CPU
		{95521957-B5FF-4E17-9A1F-9E8535BE3748}.Release|Any CPU.ActiveCfg = Release|Any CPU
		{95521957-B5FF-4E17-9A1F-9E8535BE3748}.Release|Any CPU.Build.0 = Release|Any CPU
		{95521957-B5FF-4E17-9A1F-9E8535BE3748}.Release|x64.ActiveCfg = Release|Any CPU
		{95521957-B5FF-4E17-9A1F-9E8535BE3748}.Release|x64.Build.0 = Release|Any CPU
		{95521957-B5FF-4E17-9A1F-9E8535BE3748}.Release|x86.ActiveCfg = Release|Any CPU
		{95521957-B5FF-4E17-9A1F-9E8535BE3748}.Release|x86.Build.0 = Release|Any CPU
		{D0EEDB69-A032-478B-8122-D4EA8A1B5E6D}.Debug|Any CPU.ActiveCfg = Debug|Any CPU
		{D0EEDB69-A032-478B-8122-D4EA8A1B5E6D}.Debug|Any CPU.Build.0 = Debug|Any CPU
		{D0EEDB69-A032-478B-8122-D4EA8A1B5E6D}.Debug|x64.ActiveCfg = Debug|Any CPU
		{D0EEDB69-A032-478B-8122-D4EA8A1B5E6D}.Debug|x64.Build.0 = Debug|Any CPU
		{D0EEDB69-A032-478B-8122-D4EA8A1B5E6D}.Debug|x86.ActiveCfg = Debug|Any CPU
		{D0EEDB69-A032-478B-8122-D4EA8A1B5E6D}.Debug|x86.Build.0 = Debug|Any CPU
		{D0EEDB69-A032-478B-8122-D4EA8A1B5E6D}.Release|Any CPU.ActiveCfg = Release|Any CPU
		{D0EEDB69-A032-478B-8122-D4EA8A1B5E6D}.Release|Any CPU.Build.0 = Release|Any CPU
		{D0EEDB69-A032-478B-8122-D4EA8A1B5E6D}.Release|x64.ActiveCfg = Release|Any CPU
		{D0EEDB69-A032-478B-8122-D4EA8A1B5E6D}.Release|x64.Build.0 = Release|Any CPU
		{D0EEDB69-A032-478B-8122-D4EA8A1B5E6D}.Release|x86.ActiveCfg = Release|Any CPU
		{D0EEDB69-A032-478B-8122-D4EA8A1B5E6D}.Release|x86.Build.0 = Release|Any CPU
		{7072F1C4-16F9-4797-B883-D88512F5D789}.Debug|Any CPU.ActiveCfg = Debug|Any CPU
		{7072F1C4-16F9-4797-B883-D88512F5D789}.Debug|Any CPU.Build.0 = Debug|Any CPU
		{7072F1C4-16F9-4797-B883-D88512F5D789}.Debug|x64.ActiveCfg = Debug|Any CPU
		{7072F1C4-16F9-4797-B883-D88512F5D789}.Debug|x64.Build.0 = Debug|Any CPU
		{7072F1C4-16F9-4797-B883-D88512F5D789}.Debug|x86.ActiveCfg = Debug|Any CPU
		{7072F1C4-16F9-4797-B883-D88512F5D789}.Debug|x86.Build.0 = Debug|Any CPU
		{7072F1C4-16F9-4797-B883-D88512F5D789}.Release|Any CPU.ActiveCfg = Release|Any CPU
		{7072F1C4-16F9-4797-B883-D88512F5D789}.Release|Any CPU.Build.0 = Release|Any CPU
		{7072F1C4-16F9-4797-B883-D88512F5D789}.Release|x64.ActiveCfg = Release|Any CPU
		{7072F1C4-16F9-4797-B883-D88512F5D789}.Release|x64.Build.0 = Release|Any CPU
		{7072F1C4-16F9-4797-B883-D88512F5D789}.Release|x86.ActiveCfg = Release|Any CPU
		{7072F1C4-16F9-4797-B883-D88512F5D789}.Release|x86.Build.0 = Release|Any CPU
		{0AB0AAF2-1148-4F1E-B98E-1627C52DCFF1}.Debug|Any CPU.ActiveCfg = Debug|Any CPU
		{0AB0AAF2-1148-4F1E-B98E-1627C52DCFF1}.Debug|Any CPU.Build.0 = Debug|Any CPU
		{0AB0AAF2-1148-4F1E-B98E-1627C52DCFF1}.Debug|x64.ActiveCfg = Debug|Any CPU
		{0AB0AAF2-1148-4F1E-B98E-1627C52DCFF1}.Debug|x64.Build.0 = Debug|Any CPU
		{0AB0AAF2-1148-4F1E-B98E-1627C52DCFF1}.Debug|x86.ActiveCfg = Debug|Any CPU
		{0AB0AAF2-1148-4F1E-B98E-1627C52DCFF1}.Debug|x86.Build.0 = Debug|Any CPU
		{0AB0AAF2-1148-4F1E-B98E-1627C52DCFF1}.Release|Any CPU.ActiveCfg = Release|Any CPU
		{0AB0AAF2-1148-4F1E-B98E-1627C52DCFF1}.Release|Any CPU.Build.0 = Release|Any CPU
		{0AB0AAF2-1148-4F1E-B98E-1627C52DCFF1}.Release|x64.ActiveCfg = Release|Any CPU
		{0AB0AAF2-1148-4F1E-B98E-1627C52DCFF1}.Release|x64.Build.0 = Release|Any CPU
		{0AB0AAF2-1148-4F1E-B98E-1627C52DCFF1}.Release|x86.ActiveCfg = Release|Any CPU
		{0AB0AAF2-1148-4F1E-B98E-1627C52DCFF1}.Release|x86.Build.0 = Release|Any CPU
		{271779B4-A60C-45C3-9150-B004191EA49D}.Debug|Any CPU.ActiveCfg = Debug|Any CPU
		{271779B4-A60C-45C3-9150-B004191EA49D}.Debug|Any CPU.Build.0 = Debug|Any CPU
		{271779B4-A60C-45C3-9150-B004191EA49D}.Debug|x64.ActiveCfg = Debug|Any CPU
		{271779B4-A60C-45C3-9150-B004191EA49D}.Debug|x64.Build.0 = Debug|Any CPU
		{271779B4-A60C-45C3-9150-B004191EA49D}.Debug|x86.ActiveCfg = Debug|Any CPU
		{271779B4-A60C-45C3-9150-B004191EA49D}.Debug|x86.Build.0 = Debug|Any CPU
		{271779B4-A60C-45C3-9150-B004191EA49D}.Release|Any CPU.ActiveCfg = Release|Any CPU
		{271779B4-A60C-45C3-9150-B004191EA49D}.Release|Any CPU.Build.0 = Release|Any CPU
		{271779B4-A60C-45C3-9150-B004191EA49D}.Release|x64.ActiveCfg = Release|Any CPU
		{271779B4-A60C-45C3-9150-B004191EA49D}.Release|x64.Build.0 = Release|Any CPU
		{271779B4-A60C-45C3-9150-B004191EA49D}.Release|x86.ActiveCfg = Release|Any CPU
		{271779B4-A60C-45C3-9150-B004191EA49D}.Release|x86.Build.0 = Release|Any CPU
		{35A7D440-F849-45F8-B670-1FA24110B099}.Debug|Any CPU.ActiveCfg = Debug|Any CPU
		{35A7D440-F849-45F8-B670-1FA24110B099}.Debug|Any CPU.Build.0 = Debug|Any CPU
		{35A7D440-F849-45F8-B670-1FA24110B099}.Debug|x64.ActiveCfg = Debug|Any CPU
		{35A7D440-F849-45F8-B670-1FA24110B099}.Debug|x64.Build.0 = Debug|Any CPU
		{35A7D440-F849-45F8-B670-1FA24110B099}.Debug|x86.ActiveCfg = Debug|Any CPU
		{35A7D440-F849-45F8-B670-1FA24110B099}.Debug|x86.Build.0 = Debug|Any CPU
		{35A7D440-F849-45F8-B670-1FA24110B099}.Release|Any CPU.ActiveCfg = Release|Any CPU
		{35A7D440-F849-45F8-B670-1FA24110B099}.Release|Any CPU.Build.0 = Release|Any CPU
		{35A7D440-F849-45F8-B670-1FA24110B099}.Release|x64.ActiveCfg = Release|Any CPU
		{35A7D440-F849-45F8-B670-1FA24110B099}.Release|x64.Build.0 = Release|Any CPU
		{35A7D440-F849-45F8-B670-1FA24110B099}.Release|x86.ActiveCfg = Release|Any CPU
		{35A7D440-F849-45F8-B670-1FA24110B099}.Release|x86.Build.0 = Release|Any CPU
		{E7A1A645-799E-4973-9B4E-8FE8A920F960}.Debug|Any CPU.ActiveCfg = Debug|Any CPU
		{E7A1A645-799E-4973-9B4E-8FE8A920F960}.Debug|Any CPU.Build.0 = Debug|Any CPU
		{E7A1A645-799E-4973-9B4E-8FE8A920F960}.Debug|x64.ActiveCfg = Debug|Any CPU
		{E7A1A645-799E-4973-9B4E-8FE8A920F960}.Debug|x64.Build.0 = Debug|Any CPU
		{E7A1A645-799E-4973-9B4E-8FE8A920F960}.Debug|x86.ActiveCfg = Debug|Any CPU
		{E7A1A645-799E-4973-9B4E-8FE8A920F960}.Debug|x86.Build.0 = Debug|Any CPU
		{E7A1A645-799E-4973-9B4E-8FE8A920F960}.Release|Any CPU.ActiveCfg = Release|Any CPU
		{E7A1A645-799E-4973-9B4E-8FE8A920F960}.Release|Any CPU.Build.0 = Release|Any CPU
		{E7A1A645-799E-4973-9B4E-8FE8A920F960}.Release|x64.ActiveCfg = Release|Any CPU
		{E7A1A645-799E-4973-9B4E-8FE8A920F960}.Release|x64.Build.0 = Release|Any CPU
		{E7A1A645-799E-4973-9B4E-8FE8A920F960}.Release|x86.ActiveCfg = Release|Any CPU
		{E7A1A645-799E-4973-9B4E-8FE8A920F960}.Release|x86.Build.0 = Release|Any CPU
		{0BA342E4-64AD-4708-AE2D-A60B3AFF5B6F}.Debug|Any CPU.ActiveCfg = Debug|Any CPU
		{0BA342E4-64AD-4708-AE2D-A60B3AFF5B6F}.Debug|Any CPU.Build.0 = Debug|Any CPU
		{0BA342E4-64AD-4708-AE2D-A60B3AFF5B6F}.Debug|x64.ActiveCfg = Debug|Any CPU
		{0BA342E4-64AD-4708-AE2D-A60B3AFF5B6F}.Debug|x64.Build.0 = Debug|Any CPU
		{0BA342E4-64AD-4708-AE2D-A60B3AFF5B6F}.Debug|x86.ActiveCfg = Debug|Any CPU
		{0BA342E4-64AD-4708-AE2D-A60B3AFF5B6F}.Debug|x86.Build.0 = Debug|Any CPU
		{0BA342E4-64AD-4708-AE2D-A60B3AFF5B6F}.Release|Any CPU.ActiveCfg = Release|Any CPU
		{0BA342E4-64AD-4708-AE2D-A60B3AFF5B6F}.Release|Any CPU.Build.0 = Release|Any CPU
		{0BA342E4-64AD-4708-AE2D-A60B3AFF5B6F}.Release|x64.ActiveCfg = Release|Any CPU
		{0BA342E4-64AD-4708-AE2D-A60B3AFF5B6F}.Release|x64.Build.0 = Release|Any CPU
		{0BA342E4-64AD-4708-AE2D-A60B3AFF5B6F}.Release|x86.ActiveCfg = Release|Any CPU
		{0BA342E4-64AD-4708-AE2D-A60B3AFF5B6F}.Release|x86.Build.0 = Release|Any CPU
		{39537E25-C6CE-4CD9-94B5-C0055458DA72}.Debug|Any CPU.ActiveCfg = Debug|Any CPU
		{39537E25-C6CE-4CD9-94B5-C0055458DA72}.Debug|Any CPU.Build.0 = Debug|Any CPU
		{39537E25-C6CE-4CD9-94B5-C0055458DA72}.Debug|x64.ActiveCfg = Debug|Any CPU
		{39537E25-C6CE-4CD9-94B5-C0055458DA72}.Debug|x64.Build.0 = Debug|Any CPU
		{39537E25-C6CE-4CD9-94B5-C0055458DA72}.Debug|x86.ActiveCfg = Debug|Any CPU
		{39537E25-C6CE-4CD9-94B5-C0055458DA72}.Debug|x86.Build.0 = Debug|Any CPU
		{39537E25-C6CE-4CD9-94B5-C0055458DA72}.Release|Any CPU.ActiveCfg = Release|Any CPU
		{39537E25-C6CE-4CD9-94B5-C0055458DA72}.Release|Any CPU.Build.0 = Release|Any CPU
		{39537E25-C6CE-4CD9-94B5-C0055458DA72}.Release|x64.ActiveCfg = Release|Any CPU
		{39537E25-C6CE-4CD9-94B5-C0055458DA72}.Release|x64.Build.0 = Release|Any CPU
		{39537E25-C6CE-4CD9-94B5-C0055458DA72}.Release|x86.ActiveCfg = Release|Any CPU
		{39537E25-C6CE-4CD9-94B5-C0055458DA72}.Release|x86.Build.0 = Release|Any CPU
		{F59ED4AC-FB29-44C9-8F3C-5721B6CA81D6}.Debug|Any CPU.ActiveCfg = Debug|Any CPU
		{F59ED4AC-FB29-44C9-8F3C-5721B6CA81D6}.Debug|Any CPU.Build.0 = Debug|Any CPU
		{F59ED4AC-FB29-44C9-8F3C-5721B6CA81D6}.Debug|x64.ActiveCfg = Debug|Any CPU
		{F59ED4AC-FB29-44C9-8F3C-5721B6CA81D6}.Debug|x64.Build.0 = Debug|Any CPU
		{F59ED4AC-FB29-44C9-8F3C-5721B6CA81D6}.Debug|x86.ActiveCfg = Debug|Any CPU
		{F59ED4AC-FB29-44C9-8F3C-5721B6CA81D6}.Debug|x86.Build.0 = Debug|Any CPU
		{F59ED4AC-FB29-44C9-8F3C-5721B6CA81D6}.Release|Any CPU.ActiveCfg = Release|Any CPU
		{F59ED4AC-FB29-44C9-8F3C-5721B6CA81D6}.Release|Any CPU.Build.0 = Release|Any CPU
		{F59ED4AC-FB29-44C9-8F3C-5721B6CA81D6}.Release|x64.ActiveCfg = Release|Any CPU
		{F59ED4AC-FB29-44C9-8F3C-5721B6CA81D6}.Release|x64.Build.0 = Release|Any CPU
		{F59ED4AC-FB29-44C9-8F3C-5721B6CA81D6}.Release|x86.ActiveCfg = Release|Any CPU
		{F59ED4AC-FB29-44C9-8F3C-5721B6CA81D6}.Release|x86.Build.0 = Release|Any CPU
		{9550EB5A-B56D-45A5-AEAF-DC245486F74D}.Debug|Any CPU.ActiveCfg = Debug|Any CPU
		{9550EB5A-B56D-45A5-AEAF-DC245486F74D}.Debug|Any CPU.Build.0 = Debug|Any CPU
		{9550EB5A-B56D-45A5-AEAF-DC245486F74D}.Debug|x64.ActiveCfg = Debug|Any CPU
		{9550EB5A-B56D-45A5-AEAF-DC245486F74D}.Debug|x64.Build.0 = Debug|Any CPU
		{9550EB5A-B56D-45A5-AEAF-DC245486F74D}.Debug|x86.ActiveCfg = Debug|Any CPU
		{9550EB5A-B56D-45A5-AEAF-DC245486F74D}.Debug|x86.Build.0 = Debug|Any CPU
		{9550EB5A-B56D-45A5-AEAF-DC245486F74D}.Release|Any CPU.ActiveCfg = Release|Any CPU
		{9550EB5A-B56D-45A5-AEAF-DC245486F74D}.Release|Any CPU.Build.0 = Release|Any CPU
		{9550EB5A-B56D-45A5-AEAF-DC245486F74D}.Release|x64.ActiveCfg = Release|Any CPU
		{9550EB5A-B56D-45A5-AEAF-DC245486F74D}.Release|x64.Build.0 = Release|Any CPU
		{9550EB5A-B56D-45A5-AEAF-DC245486F74D}.Release|x86.ActiveCfg = Release|Any CPU
		{9550EB5A-B56D-45A5-AEAF-DC245486F74D}.Release|x86.Build.0 = Release|Any CPU
		{0A397999-F633-4306-91F2-507F0A16D814}.Debug|Any CPU.ActiveCfg = Debug|Any CPU
		{0A397999-F633-4306-91F2-507F0A16D814}.Debug|Any CPU.Build.0 = Debug|Any CPU
		{0A397999-F633-4306-91F2-507F0A16D814}.Debug|x64.ActiveCfg = Debug|Any CPU
		{0A397999-F633-4306-91F2-507F0A16D814}.Debug|x64.Build.0 = Debug|Any CPU
		{0A397999-F633-4306-91F2-507F0A16D814}.Debug|x86.ActiveCfg = Debug|Any CPU
		{0A397999-F633-4306-91F2-507F0A16D814}.Debug|x86.Build.0 = Debug|Any CPU
		{0A397999-F633-4306-91F2-507F0A16D814}.Release|Any CPU.ActiveCfg = Release|Any CPU
		{0A397999-F633-4306-91F2-507F0A16D814}.Release|Any CPU.Build.0 = Release|Any CPU
		{0A397999-F633-4306-91F2-507F0A16D814}.Release|x64.ActiveCfg = Release|Any CPU
		{0A397999-F633-4306-91F2-507F0A16D814}.Release|x64.Build.0 = Release|Any CPU
		{0A397999-F633-4306-91F2-507F0A16D814}.Release|x86.ActiveCfg = Release|Any CPU
		{0A397999-F633-4306-91F2-507F0A16D814}.Release|x86.Build.0 = Release|Any CPU
	EndGlobalSection
	GlobalSection(SolutionProperties) = preSolution
		HideSolutionNode = FALSE
	EndGlobalSection
	GlobalSection(NestedProjects) = preSolution
		{CC80CF82-095A-9A70-E4AA-4F39E72E717A} = {827E0CD3-B72D-47B6-A68D-7590B98EB39B}
		{7A56C781-E51F-9699-E068-75074611290C} = {CC80CF82-095A-9A70-E4AA-4F39E72E717A}
		{E2092307-A1C8-B909-4E14-DED2E71C9E44} = {7A56C781-E51F-9699-E068-75074611290C}
		{95521957-B5FF-4E17-9A1F-9E8535BE3748} = {E2092307-A1C8-B909-4E14-DED2E71C9E44}
		{9048EB7F-3875-A59E-E36B-5BD4C6F2A282} = {827E0CD3-B72D-47B6-A68D-7590B98EB39B}
		{710CE346-2A8F-1AFB-D00F-F4A0117857EE} = {9048EB7F-3875-A59E-E36B-5BD4C6F2A282}
		{D0EEDB69-A032-478B-8122-D4EA8A1B5E6D} = {710CE346-2A8F-1AFB-D00F-F4A0117857EE}
		{5E7EC0AF-E837-5B7A-FB41-A4DCCA877D1F} = {827E0CD3-B72D-47B6-A68D-7590B98EB39B}
		{70113807-EF76-34C1-2AF9-D40EFD05C3BA} = {5E7EC0AF-E837-5B7A-FB41-A4DCCA877D1F}
		{7072F1C4-16F9-4797-B883-D88512F5D789} = {70113807-EF76-34C1-2AF9-D40EFD05C3BA}
		{878BF842-00BC-9FAD-951F-B6359FA01BBC} = {5E7EC0AF-E837-5B7A-FB41-A4DCCA877D1F}
		{0AB0AAF2-1148-4F1E-B98E-1627C52DCFF1} = {878BF842-00BC-9FAD-951F-B6359FA01BBC}
		{147B04CE-22FA-B7FE-427E-AB7105A83688} = {7A56C781-E51F-9699-E068-75074611290C}
		{271779B4-A60C-45C3-9150-B004191EA49D} = {147B04CE-22FA-B7FE-427E-AB7105A83688}
		{365A631C-9827-A93A-F70C-08D5E871DBDC} = {7A56C781-E51F-9699-E068-75074611290C}
		{35A7D440-F849-45F8-B670-1FA24110B099} = {365A631C-9827-A93A-F70C-08D5E871DBDC}
		{45A88DB8-AEDD-8558-3320-5A6B2B34646B} = {7A56C781-E51F-9699-E068-75074611290C}
		{E7A1A645-799E-4973-9B4E-8FE8A920F960} = {45A88DB8-AEDD-8558-3320-5A6B2B34646B}
		{F3AC8D45-E043-9634-8655-05002086CDF8} = {CC80CF82-095A-9A70-E4AA-4F39E72E717A}
		{F7C1FBCF-DED8-3D89-8CB6-E67CE3C9436D} = {F3AC8D45-E043-9634-8655-05002086CDF8}
		{0BA342E4-64AD-4708-AE2D-A60B3AFF5B6F} = {F7C1FBCF-DED8-3D89-8CB6-E67CE3C9436D}
		{39537E25-C6CE-4CD9-94B5-C0055458DA72} = {0AB3BF05-4346-4AA6-1389-037BE0695223}
		{F59ED4AC-FB29-44C9-8F3C-5721B6CA81D6} = {0AB3BF05-4346-4AA6-1389-037BE0695223}
		{9550EB5A-B56D-45A5-AEAF-DC245486F74D} = {0AB3BF05-4346-4AA6-1389-037BE0695223}
		{0A397999-F633-4306-91F2-507F0A16D814} = {0AB3BF05-4346-4AA6-1389-037BE0695223}
	EndGlobalSection
EndGlobal
