
Microsoft Visual Studio Solution File, Format Version 12.00
# Visual Studio Version 17
VisualStudioVersion = 17.0.31903.59
MinimumVisualStudioVersion = 10.0.40219.1
Project("{2150E333-8FDC-42A3-9474-1A3956D46DE8}") = "src", "src", "{827E0CD3-B72D-47B6-A68D-7590B98EB39B}"
EndProject
Project("{FAE04EC0-301F-11D3-BF4B-00C04F79EFBC}") = "Ancplua.Mcp.AIServicesServer", "src\Ancplua.Mcp.AIServicesServer\Ancplua.Mcp.AIServicesServer.csproj", "{8BBC6D4E-EE96-440B-B4B2-A4CC434E6A05}"
EndProject
Project("{FAE04EC0-301F-11D3-BF4B-00C04F79EFBC}") = "Ancplua.Mcp.ServiceDefaults", "src\Ancplua.Mcp.ServiceDefaults\Ancplua.Mcp.ServiceDefaults.csproj", "{2F1EA1EA-1004-4C72-9702-B6991E69CC33}"
EndProject
Project("{FAE04EC0-301F-11D3-BF4B-00C04F79EFBC}") = "Ancplua.Mcp.GitHubAppsServer", "src\Ancplua.Mcp.GitHubAppsServer\Ancplua.Mcp.GitHubAppsServer.csproj", "{09B3CFDA-3A6F-4308-A0EB-95A06EF510A5}"
EndProject
Project("{FAE04EC0-301F-11D3-BF4B-00C04F79EFBC}") = "Ancplua.Mcp.HttpServer", "src\Ancplua.Mcp.HttpServer\Ancplua.Mcp.HttpServer.csproj", "{50100C84-DA16-454F-ADB7-ECFF1153D9B8}"
EndProject
Project("{FAE04EC0-301F-11D3-BF4B-00C04F79EFBC}") = "Ancplua.Mcp.WorkstationServer", "src\Ancplua.Mcp.WorkstationServer\Ancplua.Mcp.WorkstationServer.csproj", "{02B6A468-8792-4126-96BE-8075977E833D}"
EndProject
Project("{2150E333-8FDC-42A3-9474-1A3956D46DE8}") = "tests", "tests", "{0AB3BF05-4346-4AA6-1389-037BE0695223}"
EndProject
Project("{FAE04EC0-301F-11D3-BF4B-00C04F79EFBC}") = "Ancplua.Mcp.HttpServer.Tests", "tests\Ancplua.Mcp.HttpServer.Tests\Ancplua.Mcp.HttpServer.Tests.csproj", "{869E190E-1792-45DD-A3D7-3ECDDE58BB0E}"
EndProject
Project("{FAE04EC0-301F-11D3-BF4B-00C04F79EFBC}") = "Ancplua.Mcp.Testing", "tests\Ancplua.Mcp.Testing\Ancplua.Mcp.Testing.csproj", "{D13D20FE-E11E-41B5-9674-F59594774D2D}"
EndProject
Project("{FAE04EC0-301F-11D3-BF4B-00C04F79EFBC}") = "Ancplua.Mcp.WorkstationServer.Tests", "tests\Ancplua.Mcp.WorkstationServer.Tests\Ancplua.Mcp.WorkstationServer.Tests.csproj", "{2E3701CC-9355-4904-B590-E077138E99B1}"
EndProject
Project("{FAE04EC0-301F-11D3-BF4B-00C04F79EFBC}") = "Ancplua.Mcp.DebugTools", "src\Ancplua.Mcp.DebugTools\Ancplua.Mcp.DebugTools.csproj", "{6CDCACDA-1145-4EFE-B9C6-0B353E084DB8}"
EndProject
Project("{FAE04EC0-301F-11D3-BF4B-00C04F79EFBC}") = "Ancplua.Mcp.CoreTools", "src\Ancplua.Mcp.CoreTools\Ancplua.Mcp.CoreTools.csproj", "{EBFAAC7E-3377-4EEF-BA09-DB32663A7425}"
EndProject
Project("{FAE04EC0-301F-11D3-BF4B-00C04F79EFBC}") = "Ancplua.Mcp.CoreTools.Tests", "tests\Ancplua.Mcp.CoreTools.Tests\Ancplua.Mcp.CoreTools.Tests.csproj", "{4F7627C6-AEF1-4B09-9936-AB62EBE4E7C0}"
EndProject
Global
	GlobalSection(SolutionConfigurationPlatforms) = preSolution
		Debug|Any CPU = Debug|Any CPU
		Debug|x64 = Debug|x64
		Debug|x86 = Debug|x86
		Release|Any CPU = Release|Any CPU
		Release|x64 = Release|x64
		Release|x86 = Release|x86
	EndGlobalSection
	GlobalSection(ProjectConfigurationPlatforms) = postSolution
		{8BBC6D4E-EE96-440B-B4B2-A4CC434E6A05}.Debug|Any CPU.ActiveCfg = Debug|Any CPU
		{8BBC6D4E-EE96-440B-B4B2-A4CC434E6A05}.Debug|Any CPU.Build.0 = Debug|Any CPU
		{8BBC6D4E-EE96-440B-B4B2-A4CC434E6A05}.Debug|x64.ActiveCfg = Debug|Any CPU
		{8BBC6D4E-EE96-440B-B4B2-A4CC434E6A05}.Debug|x64.Build.0 = Debug|Any CPU
		{8BBC6D4E-EE96-440B-B4B2-A4CC434E6A05}.Debug|x86.ActiveCfg = Debug|Any CPU
		{8BBC6D4E-EE96-440B-B4B2-A4CC434E6A05}.Debug|x86.Build.0 = Debug|Any CPU
		{8BBC6D4E-EE96-440B-B4B2-A4CC434E6A05}.Release|Any CPU.ActiveCfg = Release|Any CPU
		{8BBC6D4E-EE96-440B-B4B2-A4CC434E6A05}.Release|Any CPU.Build.0 = Release|Any CPU
		{8BBC6D4E-EE96-440B-B4B2-A4CC434E6A05}.Release|x64.ActiveCfg = Release|Any CPU
		{8BBC6D4E-EE96-440B-B4B2-A4CC434E6A05}.Release|x64.Build.0 = Release|Any CPU
		{8BBC6D4E-EE96-440B-B4B2-A4CC434E6A05}.Release|x86.ActiveCfg = Release|Any CPU
		{8BBC6D4E-EE96-440B-B4B2-A4CC434E6A05}.Release|x86.Build.0 = Release|Any CPU
		{2F1EA1EA-1004-4C72-9702-B6991E69CC33}.Debug|Any CPU.ActiveCfg = Debug|Any CPU
		{2F1EA1EA-1004-4C72-9702-B6991E69CC33}.Debug|Any CPU.Build.0 = Debug|Any CPU
		{2F1EA1EA-1004-4C72-9702-B6991E69CC33}.Debug|x64.ActiveCfg = Debug|Any CPU
		{2F1EA1EA-1004-4C72-9702-B6991E69CC33}.Debug|x64.Build.0 = Debug|Any CPU
		{2F1EA1EA-1004-4C72-9702-B6991E69CC33}.Debug|x86.ActiveCfg = Debug|Any CPU
		{2F1EA1EA-1004-4C72-9702-B6991E69CC33}.Debug|x86.Build.0 = Debug|Any CPU
		{2F1EA1EA-1004-4C72-9702-B6991E69CC33}.Release|Any CPU.ActiveCfg = Release|Any CPU
		{2F1EA1EA-1004-4C72-9702-B6991E69CC33}.Release|Any CPU.Build.0 = Release|Any CPU
		{2F1EA1EA-1004-4C72-9702-B6991E69CC33}.Release|x64.ActiveCfg = Release|Any CPU
		{2F1EA1EA-1004-4C72-9702-B6991E69CC33}.Release|x64.Build.0 = Release|Any CPU
		{2F1EA1EA-1004-4C72-9702-B6991E69CC33}.Release|x86.ActiveCfg = Release|Any CPU
		{2F1EA1EA-1004-4C72-9702-B6991E69CC33}.Release|x86.Build.0 = Release|Any CPU
		{09B3CFDA-3A6F-4308-A0EB-95A06EF510A5}.Debug|Any CPU.ActiveCfg = Debug|Any CPU
		{09B3CFDA-3A6F-4308-A0EB-95A06EF510A5}.Debug|Any CPU.Build.0 = Debug|Any CPU
		{09B3CFDA-3A6F-4308-A0EB-95A06EF510A5}.Debug|x64.ActiveCfg = Debug|Any CPU
		{09B3CFDA-3A6F-4308-A0EB-95A06EF510A5}.Debug|x64.Build.0 = Debug|Any CPU
		{09B3CFDA-3A6F-4308-A0EB-95A06EF510A5}.Debug|x86.ActiveCfg = Debug|Any CPU
		{09B3CFDA-3A6F-4308-A0EB-95A06EF510A5}.Debug|x86.Build.0 = Debug|Any CPU
		{09B3CFDA-3A6F-4308-A0EB-95A06EF510A5}.Release|Any CPU.ActiveCfg = Release|Any CPU
		{09B3CFDA-3A6F-4308-A0EB-95A06EF510A5}.Release|Any CPU.Build.0 = Release|Any CPU
		{09B3CFDA-3A6F-4308-A0EB-95A06EF510A5}.Release|x64.ActiveCfg = Release|Any CPU
		{09B3CFDA-3A6F-4308-A0EB-95A06EF510A5}.Release|x64.Build.0 = Release|Any CPU
		{09B3CFDA-3A6F-4308-A0EB-95A06EF510A5}.Release|x86.ActiveCfg = Release|Any CPU
		{09B3CFDA-3A6F-4308-A0EB-95A06EF510A5}.Release|x86.Build.0 = Release|Any CPU
		{50100C84-DA16-454F-ADB7-ECFF1153D9B8}.Debug|Any CPU.ActiveCfg = Debug|Any CPU
		{50100C84-DA16-454F-ADB7-ECFF1153D9B8}.Debug|Any CPU.Build.0 = Debug|Any CPU
		{50100C84-DA16-454F-ADB7-ECFF1153D9B8}.Debug|x64.ActiveCfg = Debug|Any CPU
		{50100C84-DA16-454F-ADB7-ECFF1153D9B8}.Debug|x64.Build.0 = Debug|Any CPU
		{50100C84-DA16-454F-ADB7-ECFF1153D9B8}.Debug|x86.ActiveCfg = Debug|Any CPU
		{50100C84-DA16-454F-ADB7-ECFF1153D9B8}.Debug|x86.Build.0 = Debug|Any CPU
		{50100C84-DA16-454F-ADB7-ECFF1153D9B8}.Release|Any CPU.ActiveCfg = Release|Any CPU
		{50100C84-DA16-454F-ADB7-ECFF1153D9B8}.Release|Any CPU.Build.0 = Release|Any CPU
		{50100C84-DA16-454F-ADB7-ECFF1153D9B8}.Release|x64.ActiveCfg = Release|Any CPU
		{50100C84-DA16-454F-ADB7-ECFF1153D9B8}.Release|x64.Build.0 = Release|Any CPU
		{50100C84-DA16-454F-ADB7-ECFF1153D9B8}.Release|x86.ActiveCfg = Release|Any CPU
		{50100C84-DA16-454F-ADB7-ECFF1153D9B8}.Release|x86.Build.0 = Release|Any CPU
		{02B6A468-8792-4126-96BE-8075977E833D}.Debug|Any CPU.ActiveCfg = Debug|Any CPU
		{02B6A468-8792-4126-96BE-8075977E833D}.Debug|Any CPU.Build.0 = Debug|Any CPU
		{02B6A468-8792-4126-96BE-8075977E833D}.Debug|x64.ActiveCfg = Debug|Any CPU
		{02B6A468-8792-4126-96BE-8075977E833D}.Debug|x64.Build.0 = Debug|Any CPU
		{02B6A468-8792-4126-96BE-8075977E833D}.Debug|x86.ActiveCfg = Debug|Any CPU
		{02B6A468-8792-4126-96BE-8075977E833D}.Debug|x86.Build.0 = Debug|Any CPU
		{02B6A468-8792-4126-96BE-8075977E833D}.Release|Any CPU.ActiveCfg = Release|Any CPU
		{02B6A468-8792-4126-96BE-8075977E833D}.Release|Any CPU.Build.0 = Release|Any CPU
		{02B6A468-8792-4126-96BE-8075977E833D}.Release|x64.ActiveCfg = Release|Any CPU
		{02B6A468-8792-4126-96BE-8075977E833D}.Release|x64.Build.0 = Release|Any CPU
		{02B6A468-8792-4126-96BE-8075977E833D}.Release|x86.ActiveCfg = Release|Any CPU
		{02B6A468-8792-4126-96BE-8075977E833D}.Release|x86.Build.0 = Release|Any CPU
		{869E190E-1792-45DD-A3D7-3ECDDE58BB0E}.Debug|Any CPU.ActiveCfg = Debug|Any CPU
		{869E190E-1792-45DD-A3D7-3ECDDE58BB0E}.Debug|Any CPU.Build.0 = Debug|Any CPU
		{869E190E-1792-45DD-A3D7-3ECDDE58BB0E}.Debug|x64.ActiveCfg = Debug|Any CPU
		{869E190E-1792-45DD-A3D7-3ECDDE58BB0E}.Debug|x64.Build.0 = Debug|Any CPU
		{869E190E-1792-45DD-A3D7-3ECDDE58BB0E}.Debug|x86.ActiveCfg = Debug|Any CPU
		{869E190E-1792-45DD-A3D7-3ECDDE58BB0E}.Debug|x86.Build.0 = Debug|Any CPU
		{869E190E-1792-45DD-A3D7-3ECDDE58BB0E}.Release|Any CPU.ActiveCfg = Release|Any CPU
		{869E190E-1792-45DD-A3D7-3ECDDE58BB0E}.Release|Any CPU.Build.0 = Release|Any CPU
		{869E190E-1792-45DD-A3D7-3ECDDE58BB0E}.Release|x64.ActiveCfg = Release|Any CPU
		{869E190E-1792-45DD-A3D7-3ECDDE58BB0E}.Release|x64.Build.0 = Release|Any CPU
		{869E190E-1792-45DD-A3D7-3ECDDE58BB0E}.Release|x86.ActiveCfg = Release|Any CPU
		{869E190E-1792-45DD-A3D7-3ECDDE58BB0E}.Release|x86.Build.0 = Release|Any CPU
		{D13D20FE-E11E-41B5-9674-F59594774D2D}.Debug|Any CPU.ActiveCfg = Debug|Any CPU
		{D13D20FE-E11E-41B5-9674-F59594774D2D}.Debug|Any CPU.Build.0 = Debug|Any CPU
		{D13D20FE-E11E-41B5-9674-F59594774D2D}.Debug|x64.ActiveCfg = Debug|Any CPU
		{D13D20FE-E11E-41B5-9674-F59594774D2D}.Debug|x64.Build.0 = Debug|Any CPU
		{D13D20FE-E11E-41B5-9674-F59594774D2D}.Debug|x86.ActiveCfg = Debug|Any CPU
		{D13D20FE-E11E-41B5-9674-F59594774D2D}.Debug|x86.Build.0 = Debug|Any CPU
		{D13D20FE-E11E-41B5-9674-F59594774D2D}.Release|Any CPU.ActiveCfg = Release|Any CPU
		{D13D20FE-E11E-41B5-9674-F59594774D2D}.Release|Any CPU.Build.0 = Release|Any CPU
		{D13D20FE-E11E-41B5-9674-F59594774D2D}.Release|x64.ActiveCfg = Release|Any CPU
		{D13D20FE-E11E-41B5-9674-F59594774D2D}.Release|x64.Build.0 = Release|Any CPU
		{D13D20FE-E11E-41B5-9674-F59594774D2D}.Release|x86.ActiveCfg = Release|Any CPU
		{D13D20FE-E11E-41B5-9674-F59594774D2D}.Release|x86.Build.0 = Release|Any CPU
		{2E3701CC-9355-4904-B590-E077138E99B1}.Debug|Any CPU.ActiveCfg = Debug|Any CPU
		{2E3701CC-9355-4904-B590-E077138E99B1}.Debug|Any CPU.Build.0 = Debug|Any CPU
		{2E3701CC-9355-4904-B590-E077138E99B1}.Debug|x64.ActiveCfg = Debug|Any CPU
		{2E3701CC-9355-4904-B590-E077138E99B1}.Debug|x64.Build.0 = Debug|Any CPU
		{2E3701CC-9355-4904-B590-E077138E99B1}.Debug|x86.ActiveCfg = Debug|Any CPU
		{2E3701CC-9355-4904-B590-E077138E99B1}.Debug|x86.Build.0 = Debug|Any CPU
		{2E3701CC-9355-4904-B590-E077138E99B1}.Release|Any CPU.ActiveCfg = Release|Any CPU
		{2E3701CC-9355-4904-B590-E077138E99B1}.Release|Any CPU.Build.0 = Release|Any CPU
		{2E3701CC-9355-4904-B590-E077138E99B1}.Release|x64.ActiveCfg = Release|Any CPU
		{2E3701CC-9355-4904-B590-E077138E99B1}.Release|x64.Build.0 = Release|Any CPU
		{2E3701CC-9355-4904-B590-E077138E99B1}.Release|x86.ActiveCfg = Release|Any CPU
		{2E3701CC-9355-4904-B590-E077138E99B1}.Release|x86.Build.0 = Release|Any CPU
		{6CDCACDA-1145-4EFE-B9C6-0B353E084DB8}.Debug|Any CPU.ActiveCfg = Debug|Any CPU
		{6CDCACDA-1145-4EFE-B9C6-0B353E084DB8}.Debug|Any CPU.Build.0 = Debug|Any CPU
		{6CDCACDA-1145-4EFE-B9C6-0B353E084DB8}.Debug|x64.ActiveCfg = Debug|Any CPU
		{6CDCACDA-1145-4EFE-B9C6-0B353E084DB8}.Debug|x64.Build.0 = Debug|Any CPU
		{6CDCACDA-1145-4EFE-B9C6-0B353E084DB8}.Debug|x86.ActiveCfg = Debug|Any CPU
		{6CDCACDA-1145-4EFE-B9C6-0B353E084DB8}.Debug|x86.Build.0 = Debug|Any CPU
		{6CDCACDA-1145-4EFE-B9C6-0B353E084DB8}.Release|Any CPU.ActiveCfg = Release|Any CPU
		{6CDCACDA-1145-4EFE-B9C6-0B353E084DB8}.Release|Any CPU.Build.0 = Release|Any CPU
		{6CDCACDA-1145-4EFE-B9C6-0B353E084DB8}.Release|x64.ActiveCfg = Release|Any CPU
		{6CDCACDA-1145-4EFE-B9C6-0B353E084DB8}.Release|x64.Build.0 = Release|Any CPU
		{6CDCACDA-1145-4EFE-B9C6-0B353E084DB8}.Release|x86.ActiveCfg = Release|Any CPU
		{6CDCACDA-1145-4EFE-B9C6-0B353E084DB8}.Release|x86.Build.0 = Release|Any CPU
		{EBFAAC7E-3377-4EEF-BA09-DB32663A7425}.Debug|Any CPU.ActiveCfg = Debug|Any CPU
		{EBFAAC7E-3377-4EEF-BA09-DB32663A7425}.Debug|Any CPU.Build.0 = Debug|Any CPU
		{EBFAAC7E-3377-4EEF-BA09-DB32663A7425}.Debug|x64.ActiveCfg = Debug|Any CPU
		{EBFAAC7E-3377-4EEF-BA09-DB32663A7425}.Debug|x64.Build.0 = Debug|Any CPU
		{EBFAAC7E-3377-4EEF-BA09-DB32663A7425}.Debug|x86.ActiveCfg = Debug|Any CPU
		{EBFAAC7E-3377-4EEF-BA09-DB32663A7425}.Debug|x86.Build.0 = Debug|Any CPU
		{EBFAAC7E-3377-4EEF-BA09-DB32663A7425}.Release|Any CPU.ActiveCfg = Release|Any CPU
		{EBFAAC7E-3377-4EEF-BA09-DB32663A7425}.Release|Any CPU.Build.0 = Release|Any CPU
		{EBFAAC7E-3377-4EEF-BA09-DB32663A7425}.Release|x64.ActiveCfg = Release|Any CPU
		{EBFAAC7E-3377-4EEF-BA09-DB32663A7425}.Release|x64.Build.0 = Release|Any CPU
		{EBFAAC7E-3377-4EEF-BA09-DB32663A7425}.Release|x86.ActiveCfg = Release|Any CPU
		{EBFAAC7E-3377-4EEF-BA09-DB32663A7425}.Release|x86.Build.0 = Release|Any CPU
		{4F7627C6-AEF1-4B09-9936-AB62EBE4E7C0}.Debug|Any CPU.ActiveCfg = Debug|Any CPU
		{4F7627C6-AEF1-4B09-9936-AB62EBE4E7C0}.Debug|Any CPU.Build.0 = Debug|Any CPU
		{4F7627C6-AEF1-4B09-9936-AB62EBE4E7C0}.Debug|x64.ActiveCfg = Debug|Any CPU
		{4F7627C6-AEF1-4B09-9936-AB62EBE4E7C0}.Debug|x64.Build.0 = Debug|Any CPU
		{4F7627C6-AEF1-4B09-9936-AB62EBE4E7C0}.Debug|x86.ActiveCfg = Debug|Any CPU
		{4F7627C6-AEF1-4B09-9936-AB62EBE4E7C0}.Debug|x86.Build.0 = Debug|Any CPU
		{4F7627C6-AEF1-4B09-9936-AB62EBE4E7C0}.Release|Any CPU.ActiveCfg = Release|Any CPU
		{4F7627C6-AEF1-4B09-9936-AB62EBE4E7C0}.Release|Any CPU.Build.0 = Release|Any CPU
		{4F7627C6-AEF1-4B09-9936-AB62EBE4E7C0}.Release|x64.ActiveCfg = Release|Any CPU
		{4F7627C6-AEF1-4B09-9936-AB62EBE4E7C0}.Release|x64.Build.0 = Release|Any CPU
		{4F7627C6-AEF1-4B09-9936-AB62EBE4E7C0}.Release|x86.ActiveCfg = Release|Any CPU
		{4F7627C6-AEF1-4B09-9936-AB62EBE4E7C0}.Release|x86.Build.0 = Release|Any CPU
	EndGlobalSection
	GlobalSection(SolutionProperties) = preSolution
		HideSolutionNode = FALSE
	EndGlobalSection
	GlobalSection(NestedProjects) = preSolution
		{8BBC6D4E-EE96-440B-B4B2-A4CC434E6A05} = {827E0CD3-B72D-47B6-A68D-7590B98EB39B}
		{2F1EA1EA-1004-4C72-9702-B6991E69CC33} = {827E0CD3-B72D-47B6-A68D-7590B98EB39B}
		{09B3CFDA-3A6F-4308-A0EB-95A06EF510A5} = {827E0CD3-B72D-47B6-A68D-7590B98EB39B}
		{50100C84-DA16-454F-ADB7-ECFF1153D9B8} = {827E0CD3-B72D-47B6-A68D-7590B98EB39B}
		{02B6A468-8792-4126-96BE-8075977E833D} = {827E0CD3-B72D-47B6-A68D-7590B98EB39B}
		{869E190E-1792-45DD-A3D7-3ECDDE58BB0E} = {0AB3BF05-4346-4AA6-1389-037BE0695223}
		{D13D20FE-E11E-41B5-9674-F59594774D2D} = {0AB3BF05-4346-4AA6-1389-037BE0695223}
		{2E3701CC-9355-4904-B590-E077138E99B1} = {0AB3BF05-4346-4AA6-1389-037BE0695223}
		{6CDCACDA-1145-4EFE-B9C6-0B353E084DB8} = {827E0CD3-B72D-47B6-A68D-7590B98EB39B}
		{EBFAAC7E-3377-4EEF-BA09-DB32663A7425} = {827E0CD3-B72D-47B6-A68D-7590B98EB39B}
		{4F7627C6-AEF1-4B09-9936-AB62EBE4E7C0} = {0AB3BF05-4346-4AA6-1389-037BE0695223}
	EndGlobalSection
EndGlobal
